
Microsoft Visual Studio Solution File, Format Version 12.00
# Visual Studio Version 16
VisualStudioVersion = 16.0.30204.135
MinimumVisualStudioVersion = 10.0.40219.1
Project("{FAE04EC0-301F-11D3-BF4B-00C04F79EFBC}") = "WebApplication2", "WebApplication2.csproj", "{2B0907A6-AE18-43F9-BA59-0A2545F76E4A}"
EndProject
Global
	GlobalSection(SolutionConfigurationPlatforms) = preSolution
		Debug|Any CPU = Debug|Any CPU
		Release|Any CPU = Release|Any CPU
	EndGlobalSection
	GlobalSection(ProjectConfigurationPlatforms) = postSolution
		{2B0907A6-AE18-43F9-BA59-0A2545F76E4A}.Debug|Any CPU.ActiveCfg = Debug|Any CPU
		{2B0907A6-AE18-43F9-BA59-0A2545F76E4A}.Debug|Any CPU.Build.0 = Debug|Any CPU
		{2B0907A6-AE18-43F9-BA59-0A2545F76E4A}.Release|Any CPU.ActiveCfg = Release|Any CPU
		{2B0907A6-AE18-43F9-BA59-0A2545F76E4A}.Release|Any CPU.Build.0 = Release|Any CPU
	EndGlobalSection
	GlobalSection(SolutionProperties) = preSolution
		HideSolutionNode = FALSE
	EndGlobalSection
	GlobalSection(ExtensibilityGlobals) = postSolution
		SolutionGuid = {C7315E31-61F2-4868-A415-06188E4E450D}
	EndGlobalSection
EndGlobal
